{
  "name": "visual",
  "version": "1.0.0",
  "lockfileVersion": 1,
  "requires": true,
  "dependencies": {
    "amazejs": {
      "version": "1.0.3",
      "resolved": "https://registry.npmjs.org/amazejs/-/amazejs-1.0.3.tgz",
      "integrity": "sha512-U6JprZmnej5fffPlogmBZtRMOJ1rfS7Wlx8YbSdVealxqVFiGp0AhH0O7FRYH0eMhEJJ9SljA4ZPwUfIYQl4Rg==",
      "requires": {
        "priorityjs": "1.2.1"
      }
    },
    "priorityjs": {
      "version": "1.2.1",
      "resolved": "https://registry.npmjs.org/priorityjs/-/priorityjs-1.2.1.tgz",
      "integrity": "sha512-Fgy/oZktcN1pZzKg4B1JGiwuDJIILQq20hErd1sbKqXFR29J33lD9oK85nJXEoIxquLms8HAQW9GjZR5jJGK/g=="
    }
  }
}
